
Microsoft Visual Studio Solution File, Format Version 12.00
# Visual Studio Version 16
VisualStudioVersion = 25.0.1706.7
MinimumVisualStudioVersion = 10.0.40219.1
Project("{FAE04EC0-301F-11D3-BF4B-00C04F79EFBC}") = "StockPerformance-CleanArchitecture", "StockPerformance-CleanArchitecture\StockPerformance-CleanArchitecture.csproj", "{00446A8A-B576-4540-86A2-0D136B3D573E}"
EndProject
Project("{FAE04EC0-301F-11D3-BF4B-00C04F79EFBC}") = "StockPerformanceCalculator", "StockPerformanceCalculator\StockPerformanceCalculator.csproj", "{075F1E9E-4936-4EA2-A5E3-755A3C416D80}"
EndProject
Project("{FAE04EC0-301F-11D3-BF4B-00C04F79EFBC}") = "StockPerformanceCalculatorUnitTests", "StockPerformanceCalculatorUnitTests\StockPerformanceCalculatorUnitTests.csproj", "{12D4DCAF-D211-4C76-8834-14B0B27B590B}"
EndProject
Project("{FAE04EC0-301F-11D3-BF4B-00C04F79EFBC}") = "EntityDefinitions", "EntityDefinitions\EntityDefinitions.csproj", "{95B30E48-0965-4F47-96A2-FE64213BD7BF}"
EndProject
Project("{FAE04EC0-301F-11D3-BF4B-00C04F79EFBC}") = "EntityPersistence", "EntityPersistence\EntityPersistence.csproj", "{8C5CB8D9-DDCB-47CD-9C3D-4CDE56144910}"
EndProject
Global
	GlobalSection(SolutionConfigurationPlatforms) = preSolution
		Debug|Any CPU = Debug|Any CPU
		Release|Any CPU = Release|Any CPU
	EndGlobalSection
	GlobalSection(ProjectConfigurationPlatforms) = postSolution
		{00446A8A-B576-4540-86A2-0D136B3D573E}.Debug|Any CPU.ActiveCfg = Debug|Any CPU
		{00446A8A-B576-4540-86A2-0D136B3D573E}.Debug|Any CPU.Build.0 = Debug|Any CPU
		{00446A8A-B576-4540-86A2-0D136B3D573E}.Release|Any CPU.ActiveCfg = Release|Any CPU
		{00446A8A-B576-4540-86A2-0D136B3D573E}.Release|Any CPU.Build.0 = Release|Any CPU
		{075F1E9E-4936-4EA2-A5E3-755A3C416D80}.Debug|Any CPU.ActiveCfg = Debug|Any CPU
		{075F1E9E-4936-4EA2-A5E3-755A3C416D80}.Debug|Any CPU.Build.0 = Debug|Any CPU
		{075F1E9E-4936-4EA2-A5E3-755A3C416D80}.Release|Any CPU.ActiveCfg = Release|Any CPU
		{075F1E9E-4936-4EA2-A5E3-755A3C416D80}.Release|Any CPU.Build.0 = Release|Any CPU
		{12D4DCAF-D211-4C76-8834-14B0B27B590B}.Debug|Any CPU.ActiveCfg = Debug|Any CPU
		{12D4DCAF-D211-4C76-8834-14B0B27B590B}.Debug|Any CPU.Build.0 = Debug|Any CPU
		{12D4DCAF-D211-4C76-8834-14B0B27B590B}.Release|Any CPU.ActiveCfg = Release|Any CPU
		{12D4DCAF-D211-4C76-8834-14B0B27B590B}.Release|Any CPU.Build.0 = Release|Any CPU
		{95B30E48-0965-4F47-96A2-FE64213BD7BF}.Debug|Any CPU.ActiveCfg = Debug|Any CPU
		{95B30E48-0965-4F47-96A2-FE64213BD7BF}.Debug|Any CPU.Build.0 = Debug|Any CPU
		{95B30E48-0965-4F47-96A2-FE64213BD7BF}.Release|Any CPU.ActiveCfg = Release|Any CPU
		{95B30E48-0965-4F47-96A2-FE64213BD7BF}.Release|Any CPU.Build.0 = Release|Any CPU
		{8C5CB8D9-DDCB-47CD-9C3D-4CDE56144910}.Debug|Any CPU.ActiveCfg = Debug|Any CPU
		{8C5CB8D9-DDCB-47CD-9C3D-4CDE56144910}.Debug|Any CPU.Build.0 = Debug|Any CPU
		{8C5CB8D9-DDCB-47CD-9C3D-4CDE56144910}.Release|Any CPU.ActiveCfg = Release|Any CPU
		{8C5CB8D9-DDCB-47CD-9C3D-4CDE56144910}.Release|Any CPU.Build.0 = Release|Any CPU
	EndGlobalSection
	GlobalSection(SolutionProperties) = preSolution
		HideSolutionNode = FALSE
	EndGlobalSection
	GlobalSection(ExtensibilityGlobals) = postSolution
		SolutionGuid = {13325E5B-18DA-467C-8326-35B4C1F3E6DC}
	EndGlobalSection
EndGlobal
